
Microsoft Visual Studio Solution File, Format Version 12.00
# Visual Studio Version 16
VisualStudioVersion = 16.0.31613.86
MinimumVisualStudioVersion = 10.0.40219.1
Project("{FAE04EC0-301F-11D3-BF4B-00C04F79EFBC}") = "CustomFrame", "CustomFrame.csproj", "{AD5AE985-D1F2-4578-8F27-46E368BC7BAE}"
EndProject
Global
	GlobalSection(SolutionConfigurationPlatforms) = preSolution
		Debug|Any CPU = Debug|Any CPU
		Release|Any CPU = Release|Any CPU
	EndGlobalSection
	GlobalSection(ProjectConfigurationPlatforms) = postSolution
		{AD5AE985-D1F2-4578-8F27-46E368BC7BAE}.Debug|Any CPU.ActiveCfg = Debug|Any CPU
		{AD5AE985-D1F2-4578-8F27-46E368BC7BAE}.Debug|Any CPU.Build.0 = Debug|Any CPU
		{AD5AE985-D1F2-4578-8F27-46E368BC7BAE}.Release|Any CPU.ActiveCfg = Release|Any CPU
		{AD5AE985-D1F2-4578-8F27-46E368BC7BAE}.Release|Any CPU.Build.0 = Release|Any CPU
	EndGlobalSection
	GlobalSection(SolutionProperties) = preSolution
		HideSolutionNode = FALSE
	EndGlobalSection
	GlobalSection(ExtensibilityGlobals) = postSolution
		SolutionGuid = {60A6C776-747C-4C61-92A8-9F980CB13510}
	EndGlobalSection
EndGlobal
